// !$*UTF8*$!
{
	archiveVersion = 1;
	classes = {
	};
	objectVersion = 55;
	objects = {

/* Begin PBXBuildFile section */
		2E1873982728975E00360A63 /* CoreDataStackApp.swift in Sources */ = {isa = PBXBuildFile; fileRef = 2E1873972728975E00360A63 /* CoreDataStackApp.swift */; };
		2E18739A2728975E00360A63 /* ContentView.swift in Sources */ = {isa = PBXBuildFile; fileRef = 2E1873992728975E00360A63 /* ContentView.swift */; };
		2E18739C2728976100360A63 /* Assets.xcassets in Resources */ = {isa = PBXBuildFile; fileRef = 2E18739B2728976100360A63 /* Assets.xcassets */; };
		2E18739F2728976100360A63 /* Preview Assets.xcassets in Resources */ = {isa = PBXBuildFile; fileRef = 2E18739E2728976100360A63 /* Preview Assets.xcassets */; };
		2E1873A12728976100360A63 /* Persistence.swift in Sources */ = {isa = PBXBuildFile; fileRef = 2E1873A02728976100360A63 /* Persistence.swift */; };
		2E1873A42728976100360A63 /* CoreDataStack.xcdatamodeld in Sources */ = {isa = PBXBuildFile; fileRef = 2E1873A22728976100360A63 /* CoreDataStack.xcdatamodeld */; };
		2E1873AE2728976100360A63 /* CoreDataStackTests.swift in Sources */ = {isa = PBXBuildFile; fileRef = 2E1873AD2728976100360A63 /* CoreDataStackTests.swift */; };
		2E1873B82728976100360A63 /* CoreDataStackUITests.swift in Sources */ = {isa = PBXBuildFile; fileRef = 2E1873B72728976100360A63 /* CoreDataStackUITests.swift */; };
		2E1873BA2728976100360A63 /* CoreDataStackUITestsLaunchTests.swift in Sources */ = {isa = PBXBuildFile; fileRef = 2E1873B92728976100360A63 /* CoreDataStackUITestsLaunchTests.swift */; };
		2E1873D327289F5000360A63 /* ContentDetailsView.swift in Sources */ = {isa = PBXBuildFile; fileRef = 2E1873D227289F5000360A63 /* ContentDetailsView.swift */; };
		2E5F075A272A0E6100E1671C /* RouteCellView.swift in Sources */ = {isa = PBXBuildFile; fileRef = 2E5F0759272A0E6100E1671C /* RouteCellView.swift */; };
		2E5F075E272B580D00E1671C /* Anchorable.swift in Sources */ = {isa = PBXBuildFile; fileRef = 2E5F075D272B580D00E1671C /* Anchorable.swift */; };
		2E5F0761272B582000E1671C /* UIView+.swift in Sources */ = {isa = PBXBuildFile; fileRef = 2E5F0760272B582000E1671C /* UIView+.swift */; };
		2E5F0763272B582900E1671C /* UIViewController+.swift in Sources */ = {isa = PBXBuildFile; fileRef = 2E5F0762272B582900E1671C /* UIViewController+.swift */; };
		2E5F0766272B589D00E1671C /* SwiftUICollectionViewCell.swift in Sources */ = {isa = PBXBuildFile; fileRef = 2E5F0765272B589D00E1671C /* SwiftUICollectionViewCell.swift */; };
		2E5F076A272B5BDD00E1671C /* RouteCell.swift in Sources */ = {isa = PBXBuildFile; fileRef = 2E5F0769272B5BDD00E1671C /* RouteCell.swift */; };
		2E5F076C272B5C6A00E1671C /* StopCell.swift in Sources */ = {isa = PBXBuildFile; fileRef = 2E5F076B272B5C6A00E1671C /* StopCell.swift */; };
		2E5F076E272B5D2B00E1671C /* RouteCollectionViewController.swift in Sources */ = {isa = PBXBuildFile; fileRef = 2E5F076D272B5D2B00E1671C /* RouteCollectionViewController.swift */; };
		2E5F0770272BA54F00E1671C /* StopCollectionViewController.swift in Sources */ = {isa = PBXBuildFile; fileRef = 2E5F076F272BA54F00E1671C /* StopCollectionViewController.swift */; };
		2E5F0772272BB0AF00E1671C /* NavigationControllerRepresentable.swift in Sources */ = {isa = PBXBuildFile; fileRef = 2E5F0771272BB0AF00E1671C /* NavigationControllerRepresentable.swift */; };
		2ED16F92273372CF000FAE10 /* ActivityIndicatorViewRepresentable.swift in Sources */ = {isa = PBXBuildFile; fileRef = 2ED16F91273372CF000FAE10 /* ActivityIndicatorViewRepresentable.swift */; };
		2EF6881A2728B9E2005DEF20 /* StopCellView.swift in Sources */ = {isa = PBXBuildFile; fileRef = 2EF688192728B9E2005DEF20 /* StopCellView.swift */; };
/* End PBXBuildFile section */

/* Begin PBXContainerItemProxy section */
		2E1873AA2728976100360A63 /* PBXContainerItemProxy */ = {
			isa = PBXContainerItemProxy;
			containerPortal = 2E18738C2728975E00360A63 /* Project object */;
			proxyType = 1;
			remoteGlobalIDString = 2E1873932728975E00360A63;
			remoteInfo = CoreDataStack;
		};
		2E1873B42728976100360A63 /* PBXContainerItemProxy */ = {
			isa = PBXContainerItemProxy;
			containerPortal = 2E18738C2728975E00360A63 /* Project object */;
			proxyType = 1;
			remoteGlobalIDString = 2E1873932728975E00360A63;
			remoteInfo = CoreDataStack;
		};
/* End PBXContainerItemProxy section */

/* Begin PBXFileReference section */
		2E1873942728975E00360A63 /* CoreDataStack.app */ = {isa = PBXFileReference; explicitFileType = wrapper.application; includeInIndex = 0; path = CoreDataStack.app; sourceTree = BUILT_PRODUCTS_DIR; };
		2E1873972728975E00360A63 /* CoreDataStackApp.swift */ = {isa = PBXFileReference; lastKnownFileType = sourcecode.swift; path = CoreDataStackApp.swift; sourceTree = "<group>"; };
		2E1873992728975E00360A63 /* ContentView.swift */ = {isa = PBXFileReference; lastKnownFileType = sourcecode.swift; path = ContentView.swift; sourceTree = "<group>"; };
		2E18739B2728976100360A63 /* Assets.xcassets */ = {isa = PBXFileReference; lastKnownFileType = folder.assetcatalog; path = Assets.xcassets; sourceTree = "<group>"; };
		2E18739E2728976100360A63 /* Preview Assets.xcassets */ = {isa = PBXFileReference; lastKnownFileType = folder.assetcatalog; path = "Preview Assets.xcassets"; sourceTree = "<group>"; };
		2E1873A02728976100360A63 /* Persistence.swift */ = {isa = PBXFileReference; lastKnownFileType = sourcecode.swift; path = Persistence.swift; sourceTree = "<group>"; };
		2E1873A32728976100360A63 /* CoreDataStack.xcdatamodel */ = {isa = PBXFileReference; lastKnownFileType = wrapper.xcdatamodel; path = CoreDataStack.xcdatamodel; sourceTree = "<group>"; };
		2E1873A92728976100360A63 /* CoreDataStackTests.xctest */ = {isa = PBXFileReference; explicitFileType = wrapper.cfbundle; includeInIndex = 0; path = CoreDataStackTests.xctest; sourceTree = BUILT_PRODUCTS_DIR; };
		2E1873AD2728976100360A63 /* CoreDataStackTests.swift */ = {isa = PBXFileReference; lastKnownFileType = sourcecode.swift; path = CoreDataStackTests.swift; sourceTree = "<group>"; };
		2E1873B32728976100360A63 /* CoreDataStackUITests.xctest */ = {isa = PBXFileReference; explicitFileType = wrapper.cfbundle; includeInIndex = 0; path = CoreDataStackUITests.xctest; sourceTree = BUILT_PRODUCTS_DIR; };
		2E1873B72728976100360A63 /* CoreDataStackUITests.swift */ = {isa = PBXFileReference; lastKnownFileType = sourcecode.swift; path = CoreDataStackUITests.swift; sourceTree = "<group>"; };
		2E1873B92728976100360A63 /* CoreDataStackUITestsLaunchTests.swift */ = {isa = PBXFileReference; lastKnownFileType = sourcecode.swift; path = CoreDataStackUITestsLaunchTests.swift; sourceTree = "<group>"; };
		2E1873D227289F5000360A63 /* ContentDetailsView.swift */ = {isa = PBXFileReference; lastKnownFileType = sourcecode.swift; path = ContentDetailsView.swift; sourceTree = "<group>"; };
		2E5F0759272A0E6100E1671C /* RouteCellView.swift */ = {isa = PBXFileReference; lastKnownFileType = sourcecode.swift; path = RouteCellView.swift; sourceTree = "<group>"; };
		2E5F075D272B580D00E1671C /* Anchorable.swift */ = {isa = PBXFileReference; lastKnownFileType = sourcecode.swift; path = Anchorable.swift; sourceTree = "<group>"; };
		2E5F0760272B582000E1671C /* UIView+.swift */ = {isa = PBXFileReference; lastKnownFileType = sourcecode.swift; path = "UIView+.swift"; sourceTree = "<group>"; };
		2E5F0762272B582900E1671C /* UIViewController+.swift */ = {isa = PBXFileReference; lastKnownFileType = sourcecode.swift; path = "UIViewController+.swift"; sourceTree = "<group>"; };
		2E5F0765272B589D00E1671C /* SwiftUICollectionViewCell.swift */ = {isa = PBXFileReference; lastKnownFileType = sourcecode.swift; path = SwiftUICollectionViewCell.swift; sourceTree = "<group>"; };
		2E5F0769272B5BDD00E1671C /* RouteCell.swift */ = {isa = PBXFileReference; lastKnownFileType = sourcecode.swift; path = RouteCell.swift; sourceTree = "<group>"; };
		2E5F076B272B5C6A00E1671C /* StopCell.swift */ = {isa = PBXFileReference; lastKnownFileType = sourcecode.swift; path = StopCell.swift; sourceTree = "<group>"; };
		2E5F076D272B5D2B00E1671C /* RouteCollectionViewController.swift */ = {isa = PBXFileReference; lastKnownFileType = sourcecode.swift; path = RouteCollectionViewController.swift; sourceTree = "<group>"; };
		2E5F076F272BA54F00E1671C /* StopCollectionViewController.swift */ = {isa = PBXFileReference; lastKnownFileType = sourcecode.swift; path = StopCollectionViewController.swift; sourceTree = "<group>"; };
		2E5F0771272BB0AF00E1671C /* NavigationControllerRepresentable.swift */ = {isa = PBXFileReference; lastKnownFileType = sourcecode.swift; path = NavigationControllerRepresentable.swift; sourceTree = "<group>"; };
		2ED16F8F27330836000FAE10 /* README.md */ = {isa = PBXFileReference; lastKnownFileType = net.daringfireball.markdown; path = README.md; sourceTree = "<group>"; };
		2ED16F91273372CF000FAE10 /* ActivityIndicatorViewRepresentable.swift */ = {isa = PBXFileReference; lastKnownFileType = sourcecode.swift; path = ActivityIndicatorViewRepresentable.swift; sourceTree = "<group>"; };
		2EF688192728B9E2005DEF20 /* StopCellView.swift */ = {isa = PBXFileReference; lastKnownFileType = sourcecode.swift; path = StopCellView.swift; sourceTree = "<group>"; };
/* End PBXFileReference section */

/* Begin PBXFrameworksBuildPhase section */
		2E1873912728975E00360A63 /* Frameworks */ = {
			isa = PBXFrameworksBuildPhase;
			buildActionMask = 2147483647;
			files = (
			);
			runOnlyForDeploymentPostprocessing = 0;
		};
		2E1873A62728976100360A63 /* Frameworks */ = {
			isa = PBXFrameworksBuildPhase;
			buildActionMask = 2147483647;
			files = (
			);
			runOnlyForDeploymentPostprocessing = 0;
		};
		2E1873B02728976100360A63 /* Frameworks */ = {
			isa = PBXFrameworksBuildPhase;
			buildActionMask = 2147483647;
			files = (
			);
			runOnlyForDeploymentPostprocessing = 0;
		};
/* End PBXFrameworksBuildPhase section */

/* Begin PBXGroup section */
		2E18738B2728975E00360A63 = {
			isa = PBXGroup;
			children = (
				2ED16F8F27330836000FAE10 /* README.md */,
				2E1873962728975E00360A63 /* CoreDataStack */,
				2E1873AC2728976100360A63 /* CoreDataStackTests */,
				2E1873B62728976100360A63 /* CoreDataStackUITests */,
				2E1873952728975E00360A63 /* Products */,
			);
			sourceTree = "<group>";
		};
		2E1873952728975E00360A63 /* Products */ = {
			isa = PBXGroup;
			children = (
				2E1873942728975E00360A63 /* CoreDataStack.app */,
				2E1873A92728976100360A63 /* CoreDataStackTests.xctest */,
				2E1873B32728976100360A63 /* CoreDataStackUITests.xctest */,
			);
			name = Products;
			sourceTree = "<group>";
		};
		2E1873962728975E00360A63 /* CoreDataStack */ = {
			isa = PBXGroup;
			children = (
				2E5F075B272B57F400E1671C /* Common */,
				2E5F0768272B5A2700E1671C /* SwiftUI */,
				2E5F0767272B5A2200E1671C /* UIKit */,
				2E18739B2728976100360A63 /* Assets.xcassets */,
				2E1873A02728976100360A63 /* Persistence.swift */,
				2E1873A22728976100360A63 /* CoreDataStack.xcdatamodeld */,
				2E18739D2728976100360A63 /* Preview Content */,
			);
			path = CoreDataStack;
			sourceTree = "<group>";
		};
		2E18739D2728976100360A63 /* Preview Content */ = {
			isa = PBXGroup;
			children = (
				2E18739E2728976100360A63 /* Preview Assets.xcassets */,
			);
			path = "Preview Content";
			sourceTree = "<group>";
		};
		2E1873AC2728976100360A63 /* CoreDataStackTests */ = {
			isa = PBXGroup;
			children = (
				2E1873AD2728976100360A63 /* CoreDataStackTests.swift */,
			);
			path = CoreDataStackTests;
			sourceTree = "<group>";
		};
		2E1873B62728976100360A63 /* CoreDataStackUITests */ = {
			isa = PBXGroup;
			children = (
				2E1873B72728976100360A63 /* CoreDataStackUITests.swift */,
				2E1873B92728976100360A63 /* CoreDataStackUITestsLaunchTests.swift */,
			);
			path = CoreDataStackUITests;
			sourceTree = "<group>";
		};
		2E5F075B272B57F400E1671C /* Common */ = {
			isa = PBXGroup;
			children = (
				2ED16F902733729F000FAE10 /* ViewRepresentables */,
				2E5F0764272B589000E1671C /* Cells */,
				2E5F075F272B581700E1671C /* Extensions */,
				2E5F075C272B580100E1671C /* Protocols */,
			);
			path = Common;
			sourceTree = "<group>";
		};
		2E5F075C272B580100E1671C /* Protocols */ = {
			isa = PBXGroup;
			children = (
				2E5F075D272B580D00E1671C /* Anchorable.swift */,
			);
			path = Protocols;
			sourceTree = "<group>";
		};
		2E5F075F272B581700E1671C /* Extensions */ = {
			isa = PBXGroup;
			children = (
				2E5F0760272B582000E1671C /* UIView+.swift */,
				2E5F0762272B582900E1671C /* UIViewController+.swift */,
			);
			path = Extensions;
			sourceTree = "<group>";
		};
		2E5F0764272B589000E1671C /* Cells */ = {
			isa = PBXGroup;
			children = (
				2E5F0765272B589D00E1671C /* SwiftUICollectionViewCell.swift */,
			);
			path = Cells;
			sourceTree = "<group>";
		};
		2E5F0767272B5A2200E1671C /* UIKit */ = {
			isa = PBXGroup;
			children = (
				2E5F0769272B5BDD00E1671C /* RouteCell.swift */,
				2E5F076B272B5C6A00E1671C /* StopCell.swift */,
				2E5F0771272BB0AF00E1671C /* NavigationControllerRepresentable.swift */,
				2E5F076D272B5D2B00E1671C /* RouteCollectionViewController.swift */,
				2E5F076F272BA54F00E1671C /* StopCollectionViewController.swift */,
			);
			path = UIKit;
			sourceTree = "<group>";
		};
		2E5F0768272B5A2700E1671C /* SwiftUI */ = {
			isa = PBXGroup;
			children = (
				2E1873972728975E00360A63 /* CoreDataStackApp.swift */,
				2E1873992728975E00360A63 /* ContentView.swift */,
				2E1873D227289F5000360A63 /* ContentDetailsView.swift */,
				2EF688192728B9E2005DEF20 /* StopCellView.swift */,
				2E5F0759272A0E6100E1671C /* RouteCellView.swift */,
			);
			path = SwiftUI;
			sourceTree = "<group>";
		};
		2ED16F902733729F000FAE10 /* ViewRepresentables */ = {
			isa = PBXGroup;
			children = (
				2ED16F91273372CF000FAE10 /* ActivityIndicatorViewRepresentable.swift */,
			);
			path = ViewRepresentables;
			sourceTree = "<group>";
		};
/* End PBXGroup section */

/* Begin PBXNativeTarget section */
		2E1873932728975E00360A63 /* CoreDataStack */ = {
			isa = PBXNativeTarget;
			buildConfigurationList = 2E1873BD2728976100360A63 /* Build configuration list for PBXNativeTarget "CoreDataStack" */;
			buildPhases = (
				2E1873902728975E00360A63 /* Sources */,
				2E1873912728975E00360A63 /* Frameworks */,
				2E1873922728975E00360A63 /* Resources */,
			);
			buildRules = (
			);
			dependencies = (
			);
			name = CoreDataStack;
			productName = CoreDataStack;
			productReference = 2E1873942728975E00360A63 /* CoreDataStack.app */;
			productType = "com.apple.product-type.application";
		};
		2E1873A82728976100360A63 /* CoreDataStackTests */ = {
			isa = PBXNativeTarget;
			buildConfigurationList = 2E1873C02728976100360A63 /* Build configuration list for PBXNativeTarget "CoreDataStackTests" */;
			buildPhases = (
				2E1873A52728976100360A63 /* Sources */,
				2E1873A62728976100360A63 /* Frameworks */,
				2E1873A72728976100360A63 /* Resources */,
			);
			buildRules = (
			);
			dependencies = (
				2E1873AB2728976100360A63 /* PBXTargetDependency */,
			);
			name = CoreDataStackTests;
			productName = CoreDataStackTests;
			productReference = 2E1873A92728976100360A63 /* CoreDataStackTests.xctest */;
			productType = "com.apple.product-type.bundle.unit-test";
		};
		2E1873B22728976100360A63 /* CoreDataStackUITests */ = {
			isa = PBXNativeTarget;
			buildConfigurationList = 2E1873C32728976100360A63 /* Build configuration list for PBXNativeTarget "CoreDataStackUITests" */;
			buildPhases = (
				2E1873AF2728976100360A63 /* Sources */,
				2E1873B02728976100360A63 /* Frameworks */,
				2E1873B12728976100360A63 /* Resources */,
			);
			buildRules = (
			);
			dependencies = (
				2E1873B52728976100360A63 /* PBXTargetDependency */,
			);
			name = CoreDataStackUITests;
			productName = CoreDataStackUITests;
			productReference = 2E1873B32728976100360A63 /* CoreDataStackUITests.xctest */;
			productType = "com.apple.product-type.bundle.ui-testing";
		};
/* End PBXNativeTarget section */

/* Begin PBXProject section */
		2E18738C2728975E00360A63 /* Project object */ = {
			isa = PBXProject;
			attributes = {
				BuildIndependentTargetsInParallel = 1;
				LastSwiftUpdateCheck = 1310;
				LastUpgradeCheck = 1310;
				TargetAttributes = {
					2E1873932728975E00360A63 = {
						CreatedOnToolsVersion = 13.1;
					};
					2E1873A82728976100360A63 = {
						CreatedOnToolsVersion = 13.1;
						TestTargetID = 2E1873932728975E00360A63;
					};
					2E1873B22728976100360A63 = {
						CreatedOnToolsVersion = 13.1;
						TestTargetID = 2E1873932728975E00360A63;
					};
				};
			};
			buildConfigurationList = 2E18738F2728975E00360A63 /* Build configuration list for PBXProject "CoreDataStack" */;
			compatibilityVersion = "Xcode 13.0";
			developmentRegion = en;
			hasScannedForEncodings = 0;
			knownRegions = (
				en,
				Base,
			);
			mainGroup = 2E18738B2728975E00360A63;
			productRefGroup = 2E1873952728975E00360A63 /* Products */;
			projectDirPath = "";
			projectRoot = "";
			targets = (
				2E1873932728975E00360A63 /* CoreDataStack */,
				2E1873A82728976100360A63 /* CoreDataStackTests */,
				2E1873B22728976100360A63 /* CoreDataStackUITests */,
			);
		};
/* End PBXProject section */

/* Begin PBXResourcesBuildPhase section */
		2E1873922728975E00360A63 /* Resources */ = {
			isa = PBXResourcesBuildPhase;
			buildActionMask = 2147483647;
			files = (
				2E18739F2728976100360A63 /* Preview Assets.xcassets in Resources */,
				2E18739C2728976100360A63 /* Assets.xcassets in Resources */,
			);
			runOnlyForDeploymentPostprocessing = 0;
		};
		2E1873A72728976100360A63 /* Resources */ = {
			isa = PBXResourcesBuildPhase;
			buildActionMask = 2147483647;
			files = (
			);
			runOnlyForDeploymentPostprocessing = 0;
		};
		2E1873B12728976100360A63 /* Resources */ = {
			isa = PBXResourcesBuildPhase;
			buildActionMask = 2147483647;
			files = (
			);
			runOnlyForDeploymentPostprocessing = 0;
		};
/* End PBXResourcesBuildPhase section */

/* Begin PBXSourcesBuildPhase section */
		2E1873902728975E00360A63 /* Sources */ = {
			isa = PBXSourcesBuildPhase;
			buildActionMask = 2147483647;
			files = (
				2E5F0770272BA54F00E1671C /* StopCollectionViewController.swift in Sources */,
				2ED16F92273372CF000FAE10 /* ActivityIndicatorViewRepresentable.swift in Sources */,
				2E1873D327289F5000360A63 /* ContentDetailsView.swift in Sources */,
				2E5F0772272BB0AF00E1671C /* NavigationControllerRepresentable.swift in Sources */,
				2E5F0766272B589D00E1671C /* SwiftUICollectionViewCell.swift in Sources */,
				2E5F076A272B5BDD00E1671C /* RouteCell.swift in Sources */,
				2E1873A12728976100360A63 /* Persistence.swift in Sources */,
				2E5F0763272B582900E1671C /* UIViewController+.swift in Sources */,
				2E5F076C272B5C6A00E1671C /* StopCell.swift in Sources */,
				2E5F076E272B5D2B00E1671C /* RouteCollectionViewController.swift in Sources */,
				2E5F075E272B580D00E1671C /* Anchorable.swift in Sources */,
				2EF6881A2728B9E2005DEF20 /* StopCellView.swift in Sources */,
				2E18739A2728975E00360A63 /* ContentView.swift in Sources */,
				2E1873982728975E00360A63 /* CoreDataStackApp.swift in Sources */,
				2E5F0761272B582000E1671C /* UIView+.swift in Sources */,
				2E5F075A272A0E6100E1671C /* RouteCellView.swift in Sources */,
				2E1873A42728976100360A63 /* CoreDataStack.xcdatamodeld in Sources */,
			);
			runOnlyForDeploymentPostprocessing = 0;
		};
		2E1873A52728976100360A63 /* Sources */ = {
			isa = PBXSourcesBuildPhase;
			buildActionMask = 2147483647;
			files = (
				2E1873AE2728976100360A63 /* CoreDataStackTests.swift in Sources */,
			);
			runOnlyForDeploymentPostprocessing = 0;
		};
		2E1873AF2728976100360A63 /* Sources */ = {
			isa = PBXSourcesBuildPhase;
			buildActionMask = 2147483647;
			files = (
				2E1873BA2728976100360A63 /* CoreDataStackUITestsLaunchTests.swift in Sources */,
				2E1873B82728976100360A63 /* CoreDataStackUITests.swift in Sources */,
			);
			runOnlyForDeploymentPostprocessing = 0;
		};
/* End PBXSourcesBuildPhase section */

/* Begin PBXTargetDependency section */
		2E1873AB2728976100360A63 /* PBXTargetDependency */ = {
			isa = PBXTargetDependency;
			target = 2E1873932728975E00360A63 /* CoreDataStack */;
			targetProxy = 2E1873AA2728976100360A63 /* PBXContainerItemProxy */;
		};
		2E1873B52728976100360A63 /* PBXTargetDependency */ = {
			isa = PBXTargetDependency;
			target = 2E1873932728975E00360A63 /* CoreDataStack */;
			targetProxy = 2E1873B42728976100360A63 /* PBXContainerItemProxy */;
		};
/* End PBXTargetDependency section */

/* Begin XCBuildConfiguration section */
		2E1873BB2728976100360A63 /* Debug */ = {
			isa = XCBuildConfiguration;
			buildSettings = {
				ALWAYS_SEARCH_USER_PATHS = NO;
				CLANG_ANALYZER_NONNULL = YES;
				CLANG_ANALYZER_NUMBER_OBJECT_CONVERSION = YES_AGGRESSIVE;
				CLANG_CXX_LANGUAGE_STANDARD = "gnu++17";
				CLANG_CXX_LIBRARY = "libc++";
				CLANG_ENABLE_MODULES = YES;
				CLANG_ENABLE_OBJC_ARC = YES;
				CLANG_ENABLE_OBJC_WEAK = YES;
				CLANG_WARN_BLOCK_CAPTURE_AUTORELEASING = YES;
				CLANG_WARN_BOOL_CONVERSION = YES;
				CLANG_WARN_COMMA = YES;
				CLANG_WARN_CONSTANT_CONVERSION = YES;
				CLANG_WARN_DEPRECATED_OBJC_IMPLEMENTATIONS = YES;
				CLANG_WARN_DIRECT_OBJC_ISA_USAGE = YES_ERROR;
				CLANG_WARN_DOCUMENTATION_COMMENTS = YES;
				CLANG_WARN_EMPTY_BODY = YES;
				CLANG_WARN_ENUM_CONVERSION = YES;
				CLANG_WARN_INFINITE_RECURSION = YES;
				CLANG_WARN_INT_CONVERSION = YES;
				CLANG_WARN_NON_LITERAL_NULL_CONVERSION = YES;
				CLANG_WARN_OBJC_IMPLICIT_RETAIN_SELF = YES;
				CLANG_WARN_OBJC_LITERAL_CONVERSION = YES;
				CLANG_WARN_OBJC_ROOT_CLASS = YES_ERROR;
				CLANG_WARN_QUOTED_INCLUDE_IN_FRAMEWORK_HEADER = YES;
				CLANG_WARN_RANGE_LOOP_ANALYSIS = YES;
				CLANG_WARN_STRICT_PROTOTYPES = YES;
				CLANG_WARN_SUSPICIOUS_MOVE = YES;
				CLANG_WARN_UNGUARDED_AVAILABILITY = YES_AGGRESSIVE;
				CLANG_WARN_UNREACHABLE_CODE = YES;
				CLANG_WARN__DUPLICATE_METHOD_MATCH = YES;
				COPY_PHASE_STRIP = NO;
				DEBUG_INFORMATION_FORMAT = dwarf;
				ENABLE_STRICT_OBJC_MSGSEND = YES;
				ENABLE_TESTABILITY = YES;
				GCC_C_LANGUAGE_STANDARD = gnu11;
				GCC_DYNAMIC_NO_PIC = NO;
				GCC_NO_COMMON_BLOCKS = YES;
				GCC_OPTIMIZATION_LEVEL = 0;
				GCC_PREPROCESSOR_DEFINITIONS = (
					"DEBUG=1",
					"$(inherited)",
				);
				GCC_WARN_64_TO_32_BIT_CONVERSION = YES;
				GCC_WARN_ABOUT_RETURN_TYPE = YES_ERROR;
				GCC_WARN_UNDECLARED_SELECTOR = YES;
				GCC_WARN_UNINITIALIZED_AUTOS = YES_AGGRESSIVE;
				GCC_WARN_UNUSED_FUNCTION = YES;
				GCC_WARN_UNUSED_VARIABLE = YES;
				IPHONEOS_DEPLOYMENT_TARGET = 14.0;
				MTL_ENABLE_DEBUG_INFO = INCLUDE_SOURCE;
				MTL_FAST_MATH = YES;
				ONLY_ACTIVE_ARCH = YES;
				SDKROOT = iphoneos;
				SWIFT_ACTIVE_COMPILATION_CONDITIONS = DEBUG;
				SWIFT_OPTIMIZATION_LEVEL = "-Onone";
			};
			name = Debug;
		};
		2E1873BC2728976100360A63 /* Release */ = {
			isa = XCBuildConfiguration;
			buildSettings = {
				ALWAYS_SEARCH_USER_PATHS = NO;
				CLANG_ANALYZER_NONNULL = YES;
				CLANG_ANALYZER_NUMBER_OBJECT_CONVERSION = YES_AGGRESSIVE;
				CLANG_CXX_LANGUAGE_STANDARD = "gnu++17";
				CLANG_CXX_LIBRARY = "libc++";
				CLANG_ENABLE_MODULES = YES;
				CLANG_ENABLE_OBJC_ARC = YES;
				CLANG_ENABLE_OBJC_WEAK = YES;
				CLANG_WARN_BLOCK_CAPTURE_AUTORELEASING = YES;
				CLANG_WARN_BOOL_CONVERSION = YES;
				CLANG_WARN_COMMA = YES;
				CLANG_WARN_CONSTANT_CONVERSION = YES;
				CLANG_WARN_DEPRECATED_OBJC_IMPLEMENTATIONS = YES;
				CLANG_WARN_DIRECT_OBJC_ISA_USAGE = YES_ERROR;
				CLANG_WARN_DOCUMENTATION_COMMENTS = YES;
				CLANG_WARN_EMPTY_BODY = YES;
				CLANG_WARN_ENUM_CONVERSION = YES;
				CLANG_WARN_INFINITE_RECURSION = YES;
				CLANG_WARN_INT_CONVERSION = YES;
				CLANG_WARN_NON_LITERAL_NULL_CONVERSION = YES;
				CLANG_WARN_OBJC_IMPLICIT_RETAIN_SELF = YES;
				CLANG_WARN_OBJC_LITERAL_CONVERSION = YES;
				CLANG_WARN_OBJC_ROOT_CLASS = YES_ERROR;
				CLANG_WARN_QUOTED_INCLUDE_IN_FRAMEWORK_HEADER = YES;
				CLANG_WARN_RANGE_LOOP_ANALYSIS = YES;
				CLANG_WARN_STRICT_PROTOTYPES = YES;
				CLANG_WARN_SUSPICIOUS_MOVE = YES;
				CLANG_WARN_UNGUARDED_AVAILABILITY = YES_AGGRESSIVE;
				CLANG_WARN_UNREACHABLE_CODE = YES;
				CLANG_WARN__DUPLICATE_METHOD_MATCH = YES;
				COPY_PHASE_STRIP = NO;
				DEBUG_INFORMATION_FORMAT = "dwarf-with-dsym";
				ENABLE_NS_ASSERTIONS = NO;
				ENABLE_STRICT_OBJC_MSGSEND = YES;
				GCC_C_LANGUAGE_STANDARD = gnu11;
				GCC_NO_COMMON_BLOCKS = YES;
				GCC_WARN_64_TO_32_BIT_CONVERSION = YES;
				GCC_WARN_ABOUT_RETURN_TYPE = YES_ERROR;
				GCC_WARN_UNDECLARED_SELECTOR = YES;
				GCC_WARN_UNINITIALIZED_AUTOS = YES_AGGRESSIVE;
				GCC_WARN_UNUSED_FUNCTION = YES;
				GCC_WARN_UNUSED_VARIABLE = YES;
				IPHONEOS_DEPLOYMENT_TARGET = 14.0;
				MTL_ENABLE_DEBUG_INFO = NO;
				MTL_FAST_MATH = YES;
				SDKROOT = iphoneos;
				SWIFT_COMPILATION_MODE = wholemodule;
				SWIFT_OPTIMIZATION_LEVEL = "-O";
				VALIDATE_PRODUCT = YES;
			};
			name = Release;
		};
		2E1873BE2728976100360A63 /* Debug */ = {
			isa = XCBuildConfiguration;
			buildSettings = {
				ASSETCATALOG_COMPILER_APPICON_NAME = AppIcon;
				ASSETCATALOG_COMPILER_GLOBAL_ACCENT_COLOR_NAME = AccentColor;
				CODE_SIGN_STYLE = Automatic;
				CURRENT_PROJECT_VERSION = 1;
				DEVELOPMENT_ASSET_PATHS = "\"CoreDataStack/Preview Content\"";
				DEVELOPMENT_TEAM = R3CC9ZHKYY;
				ENABLE_PREVIEWS = YES;
				GENERATE_INFOPLIST_FILE = YES;
				INFOPLIST_KEY_UIApplicationSceneManifest_Generation = YES;
				INFOPLIST_KEY_UIApplicationSupportsIndirectInputEvents = YES;
				INFOPLIST_KEY_UILaunchScreen_Generation = YES;
				INFOPLIST_KEY_UISupportedInterfaceOrientations_iPad = "UIInterfaceOrientationPortrait UIInterfaceOrientationPortraitUpsideDown UIInterfaceOrientationLandscapeLeft UIInterfaceOrientationLandscapeRight";
				INFOPLIST_KEY_UISupportedInterfaceOrientations_iPhone = "UIInterfaceOrientationPortrait UIInterfaceOrientationLandscapeLeft UIInterfaceOrientationLandscapeRight";
				LD_RUNPATH_SEARCH_PATHS = (
					"$(inherited)",
					"@executable_path/Frameworks",
				);
				MARKETING_VERSION = 1.0;
				PRODUCT_BUNDLE_IDENTIFIER = com.straightaway.CoreDataStack;
				PRODUCT_NAME = "$(TARGET_NAME)";
				SWIFT_EMIT_LOC_STRINGS = YES;
				SWIFT_VERSION = 5.0;
				TARGETED_DEVICE_FAMILY = "1,2";
			};
			name = Debug;
		};
		2E1873BF2728976100360A63 /* Release */ = {
			isa = XCBuildConfiguration;
			buildSettings = {
				ASSETCATALOG_COMPILER_APPICON_NAME = AppIcon;
				ASSETCATALOG_COMPILER_GLOBAL_ACCENT_COLOR_NAME = AccentColor;
				CODE_SIGN_STYLE = Automatic;
				CURRENT_PROJECT_VERSION = 1;
				DEVELOPMENT_ASSET_PATHS = "\"CoreDataStack/Preview Content\"";
				DEVELOPMENT_TEAM = R3CC9ZHKYY;
				ENABLE_PREVIEWS = YES;
				GENERATE_INFOPLIST_FILE = YES;
				INFOPLIST_KEY_UIApplicationSceneManifest_Generation = YES;
				INFOPLIST_KEY_UIApplicationSupportsIndirectInputEvents = YES;
				INFOPLIST_KEY_UILaunchScreen_Generation = YES;
				INFOPLIST_KEY_UISupportedInterfaceOrientations_iPad = "UIInterfaceOrientationPortrait UIInterfaceOrientationPortraitUpsideDown UIInterfaceOrientationLandscapeLeft UIInterfaceOrientationLandscapeRight";
				INFOPLIST_KEY_UISupportedInterfaceOrientations_iPhone = "UIInterfaceOrientationPortrait UIInterfaceOrientationLandscapeLeft UIInterfaceOrientationLandscapeRight";
				LD_RUNPATH_SEARCH_PATHS = (
					"$(inherited)",
					"@executable_path/Frameworks",
				);
				MARKETING_VERSION = 1.0;
				PRODUCT_BUNDLE_IDENTIFIER = com.straightaway.CoreDataStack;
				PRODUCT_NAME = "$(TARGET_NAME)";
				SWIFT_EMIT_LOC_STRINGS = YES;
				SWIFT_VERSION = 5.0;
				TARGETED_DEVICE_FAMILY = "1,2";
			};
			name = Release;
		};
		2E1873C12728976100360A63 /* Debug */ = {
			isa = XCBuildConfiguration;
			buildSettings = {
				ALWAYS_EMBED_SWIFT_STANDARD_LIBRARIES = YES;
				BUNDLE_LOADER = "$(TEST_HOST)";
				CODE_SIGN_STYLE = Automatic;
				CURRENT_PROJECT_VERSION = 1;
				DEVELOPMENT_TEAM = 28ZY5R494K;
				GENERATE_INFOPLIST_FILE = YES;
				IPHONEOS_DEPLOYMENT_TARGET = 15.0;
				LD_RUNPATH_SEARCH_PATHS = (
					"$(inherited)",
					"@executable_path/Frameworks",
					"@loader_path/Frameworks",
				);
				MARKETING_VERSION = 1.0;
				PRODUCT_BUNDLE_IDENTIFIER = com.dane.CoreDataStackTests;
				PRODUCT_NAME = "$(TARGET_NAME)";
				SWIFT_EMIT_LOC_STRINGS = NO;
				SWIFT_VERSION = 5.0;
				TARGETED_DEVICE_FAMILY = "1,2";
				TEST_HOST = "$(BUILT_PRODUCTS_DIR)/CoreDataStack.app/CoreDataStack";
			};
			name = Debug;
		};
		2E1873C22728976100360A63 /* Release */ = {
			isa = XCBuildConfiguration;
			buildSettings = {
				ALWAYS_EMBED_SWIFT_STANDARD_LIBRARIES = YES;
				BUNDLE_LOADER = "$(TEST_HOST)";
				CODE_SIGN_STYLE = Automatic;
				CURRENT_PROJECT_VERSION = 1;
				DEVELOPMENT_TEAM = 28ZY5R494K;
				GENERATE_INFOPLIST_FILE = YES;
				IPHONEOS_DEPLOYMENT_TARGET = 15.0;
				LD_RUNPATH_SEARCH_PATHS = (
					"$(inherited)",
					"@executable_path/Frameworks",
					"@loader_path/Frameworks",
				);
				MARKETING_VERSION = 1.0;
				PRODUCT_BUNDLE_IDENTIFIER = com.dane.CoreDataStackTests;
				PRODUCT_NAME = "$(TARGET_NAME)";
				SWIFT_EMIT_LOC_STRINGS = NO;
				SWIFT_VERSION = 5.0;
				TARGETED_DEVICE_FAMILY = "1,2";
				TEST_HOST = "$(BUILT_PRODUCTS_DIR)/CoreDataStack.app/CoreDataStack";
			};
			name = Release;
		};
		2E1873C42728976100360A63 /* Debug */ = {
			isa = XCBuildConfiguration;
			buildSettings = {
				ALWAYS_EMBED_SWIFT_STANDARD_LIBRARIES = YES;
				CODE_SIGN_STYLE = Automatic;
				CURRENT_PROJECT_VERSION = 1;
				DEVELOPMENT_TEAM = 28ZY5R494K;
				GENERATE_INFOPLIST_FILE = YES;
				LD_RUNPATH_SEARCH_PATHS = (
					"$(inherited)",
					"@executable_path/Frameworks",
					"@loader_path/Frameworks",
				);
				MARKETING_VERSION = 1.0;
				PRODUCT_BUNDLE_IDENTIFIER = com.dane.CoreDataStackUITests;
				PRODUCT_NAME = "$(TARGET_NAME)";
				SWIFT_EMIT_LOC_STRINGS = NO;
				SWIFT_VERSION = 5.0;
				TARGETED_DEVICE_FAMILY = "1,2";
				TEST_TARGET_NAME = CoreDataStack;
			};
			name = Debug;
		};
		2E1873C52728976100360A63 /* Release */ = {
			isa = XCBuildConfiguration;
			buildSettings = {
				ALWAYS_EMBED_SWIFT_STANDARD_LIBRARIES = YES;
				CODE_SIGN_STYLE = Automatic;
				CURRENT_PROJECT_VERSION = 1;
				DEVELOPMENT_TEAM = 28ZY5R494K;
				GENERATE_INFOPLIST_FILE = YES;
				LD_RUNPATH_SEARCH_PATHS = (
					"$(inherited)",
					"@executable_path/Frameworks",
					"@loader_path/Frameworks",
				);
				MARKETING_VERSION = 1.0;
				PRODUCT_BUNDLE_IDENTIFIER = com.dane.CoreDataStackUITests;
				PRODUCT_NAME = "$(TARGET_NAME)";
				SWIFT_EMIT_LOC_STRINGS = NO;
				SWIFT_VERSION = 5.0;
				TARGETED_DEVICE_FAMILY = "1,2";
				TEST_TARGET_NAME = CoreDataStack;
			};
			name = Release;
		};
/* End XCBuildConfiguration section */

/* Begin XCConfigurationList section */
		2E18738F2728975E00360A63 /* Build configuration list for PBXProject "CoreDataStack" */ = {
			isa = XCConfigurationList;
			buildConfigurations = (
				2E1873BB2728976100360A63 /* Debug */,
				2E1873BC2728976100360A63 /* Release */,
			);
			defaultConfigurationIsVisible = 0;
			defaultConfigurationName = Release;
		};
		2E1873BD2728976100360A63 /* Build configuration list for PBXNativeTarget "CoreDataStack" */ = {
			isa = XCConfigurationList;
			buildConfigurations = (
				2E1873BE2728976100360A63 /* Debug */,
				2E1873BF2728976100360A63 /* Release */,
			);
			defaultConfigurationIsVisible = 0;
			defaultConfigurationName = Release;
		};
		2E1873C02728976100360A63 /* Build configuration list for PBXNativeTarget "CoreDataStackTests" */ = {
			isa = XCConfigurationList;
			buildConfigurations = (
				2E1873C12728976100360A63 /* Debug */,
				2E1873C22728976100360A63 /* Release */,
			);
			defaultConfigurationIsVisible = 0;
			defaultConfigurationName = Release;
		};
		2E1873C32728976100360A63 /* Build configuration list for PBXNativeTarget "CoreDataStackUITests" */ = {
			isa = XCConfigurationList;
			buildConfigurations = (
				2E1873C42728976100360A63 /* Debug */,
				2E1873C52728976100360A63 /* Release */,
			);
			defaultConfigurationIsVisible = 0;
			defaultConfigurationName = Release;
		};
/* End XCConfigurationList section */

/* Begin XCVersionGroup section */
		2E1873A22728976100360A63 /* CoreDataStack.xcdatamodeld */ = {
			isa = XCVersionGroup;
			children = (
				2E1873A32728976100360A63 /* CoreDataStack.xcdatamodel */,
			);
			currentVersion = 2E1873A32728976100360A63 /* CoreDataStack.xcdatamodel */;
			path = CoreDataStack.xcdatamodeld;
			sourceTree = "<group>";
			versionGroupType = wrapper.xcdatamodel;
		};
/* End XCVersionGroup section */
	};
	rootObject = 2E18738C2728975E00360A63 /* Project object */;
}
